// !$*UTF8*$!
{
	archiveVersion = 1;
	classes = {
	};
	objectVersion = 46;
	objects = {

/* Begin PBXBuildFile section */
		3A35E32AF8E31ED1A1254F5B /* libPods-CircleCITestTests.a in Frameworks */ = {isa = PBXBuildFile; fileRef = 8FD9DFE542A931F1CB66CD16 /* libPods-CircleCITestTests.a */; };
		B0BA0E685EA34AB44A1E679A /* libPods-CircleCITest.a in Frameworks */ = {isa = PBXBuildFile; fileRef = 05F7E8480D89207AB5328462 /* libPods-CircleCITest.a */; };
		C83CF6C61A724DAC00CE2801 /* main.m in Sources */ = {isa = PBXBuildFile; fileRef = C83CF6C51A724DAC00CE2801 /* main.m */; };
		C83CF6C91A724DAC00CE2801 /* AppDelegate.m in Sources */ = {isa = PBXBuildFile; fileRef = C83CF6C81A724DAC00CE2801 /* AppDelegate.m */; };
		C83CF6CC1A724DAC00CE2801 /* ViewController.m in Sources */ = {isa = PBXBuildFile; fileRef = C83CF6CB1A724DAC00CE2801 /* ViewController.m */; };
		C83CF6CF1A724DAC00CE2801 /* Main.storyboard in Resources */ = {isa = PBXBuildFile; fileRef = C83CF6CD1A724DAC00CE2801 /* Main.storyboard */; };
		C83CF6D11A724DAC00CE2801 /* Images.xcassets in Resources */ = {isa = PBXBuildFile; fileRef = C83CF6D01A724DAC00CE2801 /* Images.xcassets */; };
		C83CF6D41A724DAC00CE2801 /* LaunchScreen.xib in Resources */ = {isa = PBXBuildFile; fileRef = C83CF6D21A724DAC00CE2801 /* LaunchScreen.xib */; };
		C83CF6E01A724DAC00CE2801 /* CircleCITestSpec.m in Sources */ = {isa = PBXBuildFile; fileRef = C83CF6DF1A724DAC00CE2801 /* CircleCITestSpec.m */; };
/* End PBXBuildFile section */

/* Begin PBXContainerItemProxy section */
		C83CF6DA1A724DAC00CE2801 /* PBXContainerItemProxy */ = {
			isa = PBXContainerItemProxy;
			containerPortal = C83CF6B81A724DAC00CE2801 /* Project object */;
			proxyType = 1;
			remoteGlobalIDString = C83CF6BF1A724DAC00CE2801;
			remoteInfo = CircleCITest;
		};
/* End PBXContainerItemProxy section */

/* Begin PBXFileReference section */
		05F7E8480D89207AB5328462 /* libPods-CircleCITest.a */ = {isa = PBXFileReference; explicitFileType = archive.ar; includeInIndex = 0; path = "libPods-CircleCITest.a"; sourceTree = BUILT_PRODUCTS_DIR; };
		45525A007F4136B9C692415C /* Pods-CircleCITest.release.xcconfig */ = {isa = PBXFileReference; includeInIndex = 1; lastKnownFileType = text.xcconfig; name = "Pods-CircleCITest.release.xcconfig"; path = "Pods/Target Support Files/Pods-CircleCITest/Pods-CircleCITest.release.xcconfig"; sourceTree = "<group>"; };
		70D524C834974BE41954F8BF /* Pods-CircleCITest.debug.xcconfig */ = {isa = PBXFileReference; includeInIndex = 1; lastKnownFileType = text.xcconfig; name = "Pods-CircleCITest.debug.xcconfig"; path = "Pods/Target Support Files/Pods-CircleCITest/Pods-CircleCITest.debug.xcconfig"; sourceTree = "<group>"; };
		8FD9DFE542A931F1CB66CD16 /* libPods-CircleCITestTests.a */ = {isa = PBXFileReference; explicitFileType = archive.ar; includeInIndex = 0; path = "libPods-CircleCITestTests.a"; sourceTree = BUILT_PRODUCTS_DIR; };
		ACC383359F5A1C727DDB16F5 /* Pods-CircleCITestTests.debug.xcconfig */ = {isa = PBXFileReference; includeInIndex = 1; lastKnownFileType = text.xcconfig; name = "Pods-CircleCITestTests.debug.xcconfig"; path = "Pods/Target Support Files/Pods-CircleCITestTests/Pods-CircleCITestTests.debug.xcconfig"; sourceTree = "<group>"; };
		C83CF6C01A724DAC00CE2801 /* CircleCITest.app */ = {isa = PBXFileReference; explicitFileType = wrapper.application; includeInIndex = 0; path = CircleCITest.app; sourceTree = BUILT_PRODUCTS_DIR; };
		C83CF6C41A724DAC00CE2801 /* Info.plist */ = {isa = PBXFileReference; lastKnownFileType = text.plist.xml; path = Info.plist; sourceTree = "<group>"; };
		C83CF6C51A724DAC00CE2801 /* main.m */ = {isa = PBXFileReference; lastKnownFileType = sourcecode.c.objc; path = main.m; sourceTree = "<group>"; };
		C83CF6C71A724DAC00CE2801 /* AppDelegate.h */ = {isa = PBXFileReference; lastKnownFileType = sourcecode.c.h; path = AppDelegate.h; sourceTree = "<group>"; };
		C83CF6C81A724DAC00CE2801 /* AppDelegate.m */ = {isa = PBXFileReference; lastKnownFileType = sourcecode.c.objc; path = AppDelegate.m; sourceTree = "<group>"; };
		C83CF6CA1A724DAC00CE2801 /* ViewController.h */ = {isa = PBXFileReference; lastKnownFileType = sourcecode.c.h; path = ViewController.h; sourceTree = "<group>"; };
		C83CF6CB1A724DAC00CE2801 /* ViewController.m */ = {isa = PBXFileReference; lastKnownFileType = sourcecode.c.objc; path = ViewController.m; sourceTree = "<group>"; };
		C83CF6CE1A724DAC00CE2801 /* Base */ = {isa = PBXFileReference; lastKnownFileType = file.storyboard; name = Base; path = Base.lproj/Main.storyboard; sourceTree = "<group>"; };
		C83CF6D01A724DAC00CE2801 /* Images.xcassets */ = {isa = PBXFileReference; lastKnownFileType = folder.assetcatalog; path = Images.xcassets; sourceTree = "<group>"; };
		C83CF6D31A724DAC00CE2801 /* Base */ = {isa = PBXFileReference; lastKnownFileType = file.xib; name = Base; path = Base.lproj/LaunchScreen.xib; sourceTree = "<group>"; };
		C83CF6D91A724DAC00CE2801 /* CircleCITestTests.xctest */ = {isa = PBXFileReference; explicitFileType = wrapper.cfbundle; includeInIndex = 0; path = CircleCITestTests.xctest; sourceTree = BUILT_PRODUCTS_DIR; };
		C83CF6DE1A724DAC00CE2801 /* Info.plist */ = {isa = PBXFileReference; lastKnownFileType = text.plist.xml; path = Info.plist; sourceTree = "<group>"; };
		C83CF6DF1A724DAC00CE2801 /* CircleCITestSpec.m */ = {isa = PBXFileReference; lastKnownFileType = sourcecode.c.objc; path = CircleCITestSpec.m; sourceTree = "<group>"; };
		ED6E90F38974BC17656F7165 /* Pods-CircleCITestTests.release.xcconfig */ = {isa = PBXFileReference; includeInIndex = 1; lastKnownFileType = text.xcconfig; name = "Pods-CircleCITestTests.release.xcconfig"; path = "Pods/Target Support Files/Pods-CircleCITestTests/Pods-CircleCITestTests.release.xcconfig"; sourceTree = "<group>"; };
/* End PBXFileReference section */

/* Begin PBXFrameworksBuildPhase section */
		C83CF6BD1A724DAC00CE2801 /* Frameworks */ = {
			isa = PBXFrameworksBuildPhase;
			buildActionMask = 2147483647;
			files = (
				B0BA0E685EA34AB44A1E679A /* libPods-CircleCITest.a in Frameworks */,
			);
			runOnlyForDeploymentPostprocessing = 0;
		};
		C83CF6D61A724DAC00CE2801 /* Frameworks */ = {
			isa = PBXFrameworksBuildPhase;
			buildActionMask = 2147483647;
			files = (
				3A35E32AF8E31ED1A1254F5B /* libPods-CircleCITestTests.a in Frameworks */,
			);
			runOnlyForDeploymentPostprocessing = 0;
		};
/* End PBXFrameworksBuildPhase section */

/* Begin PBXGroup section */
		556F4AFFC5C5CAE3FFA54E7D /* Frameworks */ = {
			isa = PBXGroup;
			children = (
				05F7E8480D89207AB5328462 /* libPods-CircleCITest.a */,
				8FD9DFE542A931F1CB66CD16 /* libPods-CircleCITestTests.a */,
			);
			name = Frameworks;
			sourceTree = "<group>";
		};
		9BFEED6F40C89407BD14D499 /* Pods */ = {
			isa = PBXGroup;
			children = (
				70D524C834974BE41954F8BF /* Pods-CircleCITest.debug.xcconfig */,
				45525A007F4136B9C692415C /* Pods-CircleCITest.release.xcconfig */,
				ACC383359F5A1C727DDB16F5 /* Pods-CircleCITestTests.debug.xcconfig */,
				ED6E90F38974BC17656F7165 /* Pods-CircleCITestTests.release.xcconfig */,
			);
			name = Pods;
			sourceTree = "<group>";
		};
		C83CF6B71A724DAC00CE2801 = {
			isa = PBXGroup;
			children = (
				C83CF6C21A724DAC00CE2801 /* CircleCITest */,
				C83CF6DC1A724DAC00CE2801 /* CircleCITestTests */,
				C83CF6C11A724DAC00CE2801 /* Products */,
				9BFEED6F40C89407BD14D499 /* Pods */,
				556F4AFFC5C5CAE3FFA54E7D /* Frameworks */,
			);
			sourceTree = "<group>";
		};
		C83CF6C11A724DAC00CE2801 /* Products */ = {
			isa = PBXGroup;
			children = (
				C83CF6C01A724DAC00CE2801 /* CircleCITest.app */,
				C83CF6D91A724DAC00CE2801 /* CircleCITestTests.xctest */,
			);
			name = Products;
			sourceTree = "<group>";
		};
		C83CF6C21A724DAC00CE2801 /* CircleCITest */ = {
			isa = PBXGroup;
			children = (
				C83CF6C71A724DAC00CE2801 /* AppDelegate.h */,
				C83CF6C81A724DAC00CE2801 /* AppDelegate.m */,
				C83CF6CA1A724DAC00CE2801 /* ViewController.h */,
				C83CF6CB1A724DAC00CE2801 /* ViewController.m */,
				C83CF6CD1A724DAC00CE2801 /* Main.storyboard */,
				C83CF6D01A724DAC00CE2801 /* Images.xcassets */,
				C83CF6D21A724DAC00CE2801 /* LaunchScreen.xib */,
				C83CF6C31A724DAC00CE2801 /* Supporting Files */,
			);
			path = CircleCITest;
			sourceTree = "<group>";
		};
		C83CF6C31A724DAC00CE2801 /* Supporting Files */ = {
			isa = PBXGroup;
			children = (
				C83CF6C41A724DAC00CE2801 /* Info.plist */,
				C83CF6C51A724DAC00CE2801 /* main.m */,
			);
			name = "Supporting Files";
			sourceTree = "<group>";
		};
		C83CF6DC1A724DAC00CE2801 /* CircleCITestTests */ = {
			isa = PBXGroup;
			children = (
				C83CF6DF1A724DAC00CE2801 /* CircleCITestSpec.m */,
				C83CF6DD1A724DAC00CE2801 /* Supporting Files */,
			);
			path = CircleCITestTests;
			sourceTree = "<group>";
		};
		C83CF6DD1A724DAC00CE2801 /* Supporting Files */ = {
			isa = PBXGroup;
			children = (
				C83CF6DE1A724DAC00CE2801 /* Info.plist */,
			);
			name = "Supporting Files";
			sourceTree = "<group>";
		};
/* End PBXGroup section */

/* Begin PBXNativeTarget section */
		C83CF6BF1A724DAC00CE2801 /* CircleCITest */ = {
			isa = PBXNativeTarget;
			buildConfigurationList = C83CF6E31A724DAC00CE2801 /* Build configuration list for PBXNativeTarget "CircleCITest" */;
			buildPhases = (
				B06435AB2A826E91D2C78BBB /* Check Pods Manifest.lock */,
				C83CF6BC1A724DAC00CE2801 /* Sources */,
				C83CF6BD1A724DAC00CE2801 /* Frameworks */,
				C83CF6BE1A724DAC00CE2801 /* Resources */,
				326DF8A929380E34A57094C2 /* Copy Pods Resources */,
			);
			buildRules = (
			);
			dependencies = (
			);
			name = CircleCITest;
			productName = CircleCITest;
			productReference = C83CF6C01A724DAC00CE2801 /* CircleCITest.app */;
			productType = "com.apple.product-type.application";
		};
		C83CF6D81A724DAC00CE2801 /* CircleCITestTests */ = {
			isa = PBXNativeTarget;
			buildConfigurationList = C83CF6E61A724DAC00CE2801 /* Build configuration list for PBXNativeTarget "CircleCITestTests" */;
			buildPhases = (
				1B7EC6EEE69ADE2324E79D63 /* Check Pods Manifest.lock */,
				C83CF6D51A724DAC00CE2801 /* Sources */,
				C83CF6D61A724DAC00CE2801 /* Frameworks */,
				C83CF6D71A724DAC00CE2801 /* Resources */,
				639EB0EDB0F4DC3FA898A688 /* Copy Pods Resources */,
			);
			buildRules = (
			);
			dependencies = (
				C83CF6DB1A724DAC00CE2801 /* PBXTargetDependency */,
			);
			name = CircleCITestTests;
			productName = CircleCITestTests;
			productReference = C83CF6D91A724DAC00CE2801 /* CircleCITestTests.xctest */;
			productType = "com.apple.product-type.bundle.unit-test";
		};
/* End PBXNativeTarget section */

/* Begin PBXProject section */
		C83CF6B81A724DAC00CE2801 /* Project object */ = {
			isa = PBXProject;
			attributes = {
				LastUpgradeCheck = 0610;
				ORGANIZATIONNAME = "Classmethod Inc";
				TargetAttributes = {
					C83CF6BF1A724DAC00CE2801 = {
						CreatedOnToolsVersion = 6.1.1;
					};
					C83CF6D81A724DAC00CE2801 = {
						CreatedOnToolsVersion = 6.1.1;
						TestTargetID = C83CF6BF1A724DAC00CE2801;
					};
				};
			};
			buildConfigurationList = C83CF6BB1A724DAC00CE2801 /* Build configuration list for PBXProject "CircleCITest" */;
			compatibilityVersion = "Xcode 3.2";
			developmentRegion = English;
			hasScannedForEncodings = 0;
			knownRegions = (
				en,
				Base,
			);
			mainGroup = C83CF6B71A724DAC00CE2801;
			productRefGroup = C83CF6C11A724DAC00CE2801 /* Products */;
			projectDirPath = "";
			projectRoot = "";
			targets = (
				C83CF6BF1A724DAC00CE2801 /* CircleCITest */,
				C83CF6D81A724DAC00CE2801 /* CircleCITestTests */,
			);
		};
/* End PBXProject section */

/* Begin PBXResourcesBuildPhase section */
		C83CF6BE1A724DAC00CE2801 /* Resources */ = {
			isa = PBXResourcesBuildPhase;
			buildActionMask = 2147483647;
			files = (
				C83CF6CF1A724DAC00CE2801 /* Main.storyboard in Resources */,
				C83CF6D41A724DAC00CE2801 /* LaunchScreen.xib in Resources */,
				C83CF6D11A724DAC00CE2801 /* Images.xcassets in Resources */,
			);
			runOnlyForDeploymentPostprocessing = 0;
		};
		C83CF6D71A724DAC00CE2801 /* Resources */ = {
			isa = PBXResourcesBuildPhase;
			buildActionMask = 2147483647;
			files = (
			);
			runOnlyForDeploymentPostprocessing = 0;
		};
/* End PBXResourcesBuildPhase section */

/* Begin PBXShellScriptBuildPhase section */
		1B7EC6EEE69ADE2324E79D63 /* Check Pods Manifest.lock */ = {
			isa = PBXShellScriptBuildPhase;
			buildActionMask = 2147483647;
			files = (
			);
			inputPaths = (
			);
			name = "Check Pods Manifest.lock";
			outputPaths = (
			);
			runOnlyForDeploymentPostprocessing = 0;
			shellPath = /bin/sh;
			shellScript = "diff \"${PODS_ROOT}/../Podfile.lock\" \"${PODS_ROOT}/Manifest.lock\" > /dev/null\nif [[ $? != 0 ]] ; then\n    cat << EOM\nerror: The sandbox is not in sync with the Podfile.lock. Run 'pod install' or update your CocoaPods installation.\nEOM\n    exit 1\nfi\n";
			showEnvVarsInLog = 0;
		};
		326DF8A929380E34A57094C2 /* Copy Pods Resources */ = {
			isa = PBXShellScriptBuildPhase;
			buildActionMask = 2147483647;
			files = (
			);
			inputPaths = (
			);
			name = "Copy Pods Resources";
			outputPaths = (
			);
			runOnlyForDeploymentPostprocessing = 0;
			shellPath = /bin/sh;
			shellScript = "\"${SRCROOT}/Pods/Target Support Files/Pods-CircleCITest/Pods-CircleCITest-resources.sh\"\n";
			showEnvVarsInLog = 0;
		};
		639EB0EDB0F4DC3FA898A688 /* Copy Pods Resources */ = {
			isa = PBXShellScriptBuildPhase;
			buildActionMask = 2147483647;
			files = (
			);
			inputPaths = (
			);
			name = "Copy Pods Resources";
			outputPaths = (
			);
			runOnlyForDeploymentPostprocessing = 0;
			shellPath = /bin/sh;
			shellScript = "\"${SRCROOT}/Pods/Target Support Files/Pods-CircleCITestTests/Pods-CircleCITestTests-resources.sh\"\n";
			showEnvVarsInLog = 0;
		};
		B06435AB2A826E91D2C78BBB /* Check Pods Manifest.lock */ = {
			isa = PBXShellScriptBuildPhase;
			buildActionMask = 2147483647;
			files = (
			);
			inputPaths = (
			);
			name = "Check Pods Manifest.lock";
			outputPaths = (
			);
			runOnlyForDeploymentPostprocessing = 0;
			shellPath = /bin/sh;
			shellScript = "diff \"${PODS_ROOT}/../Podfile.lock\" \"${PODS_ROOT}/Manifest.lock\" > /dev/null\nif [[ $? != 0 ]] ; then\n    cat << EOM\nerror: The sandbox is not in sync with the Podfile.lock. Run 'pod install' or update your CocoaPods installation.\nEOM\n    exit 1\nfi\n";
			showEnvVarsInLog = 0;
		};
/* End PBXShellScriptBuildPhase section */

/* Begin PBXSourcesBuildPhase section */
		C83CF6BC1A724DAC00CE2801 /* Sources */ = {
			isa = PBXSourcesBuildPhase;
			buildActionMask = 2147483647;
			files = (
				C83CF6CC1A724DAC00CE2801 /* ViewController.m in Sources */,
				C83CF6C91A724DAC00CE2801 /* AppDelegate.m in Sources */,
				C83CF6C61A724DAC00CE2801 /* main.m in Sources */,
			);
			runOnlyForDeploymentPostprocessing = 0;
		};
		C83CF6D51A724DAC00CE2801 /* Sources */ = {
			isa = PBXSourcesBuildPhase;
			buildActionMask = 2147483647;
			files = (
				C83CF6E01A724DAC00CE2801 /* CircleCITestSpec.m in Sources */,
			);
			runOnlyForDeploymentPostprocessing = 0;
		};
/* End PBXSourcesBuildPhase section */

/* Begin PBXTargetDependency section */
		C83CF6DB1A724DAC00CE2801 /* PBXTargetDependency */ = {
			isa = PBXTargetDependency;
			target = C83CF6BF1A724DAC00CE2801 /* CircleCITest */;
			targetProxy = C83CF6DA1A724DAC00CE2801 /* PBXContainerItemProxy */;
		};
/* End PBXTargetDependency section */

/* Begin PBXVariantGroup section */
		C83CF6CD1A724DAC00CE2801 /* Main.storyboard */ = {
			isa = PBXVariantGroup;
			children = (
				C83CF6CE1A724DAC00CE2801 /* Base */,
			);
			name = Main.storyboard;
			sourceTree = "<group>";
		};
		C83CF6D21A724DAC00CE2801 /* LaunchScreen.xib */ = {
			isa = PBXVariantGroup;
			children = (
				C83CF6D31A724DAC00CE2801 /* Base */,
			);
			name = LaunchScreen.xib;
			sourceTree = "<group>";
		};
/* End PBXVariantGroup section */

/* Begin XCBuildConfiguration section */
		C83CF6E11A724DAC00CE2801 /* Debug */ = {
			isa = XCBuildConfiguration;
			buildSettings = {
				ALWAYS_SEARCH_USER_PATHS = NO;
				CLANG_CXX_LANGUAGE_STANDARD = "gnu++0x";
				CLANG_CXX_LIBRARY = "libc++";
				CLANG_ENABLE_MODULES = YES;
				CLANG_ENABLE_OBJC_ARC = YES;
				CLANG_WARN_BOOL_CONVERSION = YES;
				CLANG_WARN_CONSTANT_CONVERSION = YES;
				CLANG_WARN_DIRECT_OBJC_ISA_USAGE = YES_ERROR;
				CLANG_WARN_EMPTY_BODY = YES;
				CLANG_WARN_ENUM_CONVERSION = YES;
				CLANG_WARN_INT_CONVERSION = YES;
				CLANG_WARN_OBJC_ROOT_CLASS = YES_ERROR;
				CLANG_WARN_UNREACHABLE_CODE = YES;
				CLANG_WARN__DUPLICATE_METHOD_MATCH = YES;
				"CODE_SIGN_IDENTITY[sdk=iphoneos*]" = "iPhone Developer";
				COPY_PHASE_STRIP = NO;
				ENABLE_STRICT_OBJC_MSGSEND = YES;
				GCC_C_LANGUAGE_STANDARD = gnu99;
				GCC_DYNAMIC_NO_PIC = NO;
				GCC_OPTIMIZATION_LEVEL = 0;
				GCC_PREPROCESSOR_DEFINITIONS = (
					"DEBUG=1",
					"$(inherited)",
				);
				GCC_SYMBOLS_PRIVATE_EXTERN = NO;
				GCC_WARN_64_TO_32_BIT_CONVERSION = YES;
				GCC_WARN_ABOUT_RETURN_TYPE = YES_ERROR;
				GCC_WARN_UNDECLARED_SELECTOR = YES;
				GCC_WARN_UNINITIALIZED_AUTOS = YES_AGGRESSIVE;
				GCC_WARN_UNUSED_FUNCTION = YES;
				GCC_WARN_UNUSED_VARIABLE = YES;
				IPHONEOS_DEPLOYMENT_TARGET = 8.1;
				MTL_ENABLE_DEBUG_INFO = YES;
				ONLY_ACTIVE_ARCH = YES;
				SDKROOT = iphoneos;
			};
			name = Debug;
		};
		C83CF6E21A724DAC00CE2801 /* Release */ = {
			isa = XCBuildConfiguration;
			buildSettings = {
				ALWAYS_SEARCH_USER_PATHS = NO;
				CLANG_CXX_LANGUAGE_STANDARD = "gnu++0x";
				CLANG_CXX_LIBRARY = "libc++";
				CLANG_ENABLE_MODULES = YES;
				CLANG_ENABLE_OBJC_ARC = YES;
				CLANG_WARN_BOOL_CONVERSION = YES;
				CLANG_WARN_CONSTANT_CONVERSION = YES;
				CLANG_WARN_DIRECT_OBJC_ISA_USAGE = YES_ERROR;
				CLANG_WARN_EMPTY_BODY = YES;
				CLANG_WARN_ENUM_CONVERSION = YES;
				CLANG_WARN_INT_CONVERSION = YES;
				CLANG_WARN_OBJC_ROOT_CLASS = YES_ERROR;
				CLANG_WARN_UNREACHABLE_CODE = YES;
				CLANG_WARN__DUPLICATE_METHOD_MATCH = YES;
				"CODE_SIGN_IDENTITY[sdk=iphoneos*]" = "iPhone Developer";
				COPY_PHASE_STRIP = YES;
				ENABLE_NS_ASSERTIONS = NO;
				ENABLE_STRICT_OBJC_MSGSEND = YES;
				GCC_C_LANGUAGE_STANDARD = gnu99;
				GCC_WARN_64_TO_32_BIT_CONVERSION = YES;
				GCC_WARN_ABOUT_RETURN_TYPE = YES_ERROR;
				GCC_WARN_UNDECLARED_SELECTOR = YES;
				GCC_WARN_UNINITIALIZED_AUTOS = YES_AGGRESSIVE;
				GCC_WARN_UNUSED_FUNCTION = YES;
				GCC_WARN_UNUSED_VARIABLE = YES;
				IPHONEOS_DEPLOYMENT_TARGET = 8.1;
				MTL_ENABLE_DEBUG_INFO = NO;
				SDKROOT = iphoneos;
				VALIDATE_PRODUCT = YES;
			};
			name = Release;
		};
		C83CF6E41A724DAC00CE2801 /* Debug */ = {
			isa = XCBuildConfiguration;
			baseConfigurationReference = 70D524C834974BE41954F8BF /* Pods-CircleCITest.debug.xcconfig */;
			buildSettings = {
				ASSETCATALOG_COMPILER_APPICON_NAME = AppIcon;
				INFOPLIST_FILE = CircleCITest/Info.plist;
				LD_RUNPATH_SEARCH_PATHS = "$(inherited) @executable_path/Frameworks";
				PRODUCT_NAME = "$(TARGET_NAME)";
			};
			name = Debug;
		};
		C83CF6E51A724DAC00CE2801 /* Release */ = {
			isa = XCBuildConfiguration;
			baseConfigurationReference = 45525A007F4136B9C692415C /* Pods-CircleCITest.release.xcconfig */;
			buildSettings = {
				ASSETCATALOG_COMPILER_APPICON_NAME = AppIcon;
				INFOPLIST_FILE = CircleCITest/Info.plist;
				LD_RUNPATH_SEARCH_PATHS = "$(inherited) @executable_path/Frameworks";
				PRODUCT_NAME = "$(TARGET_NAME)";
			};
			name = Release;
		};
		C83CF6E71A724DAC00CE2801 /* Debug */ = {
			isa = XCBuildConfiguration;
			baseConfigurationReference = ACC383359F5A1C727DDB16F5 /* Pods-CircleCITestTests.debug.xcconfig */;
			buildSettings = {
				BUNDLE_LOADER = "$(TEST_HOST)";
				FRAMEWORK_SEARCH_PATHS = (
					"$(SDKROOT)/Developer/Library/Frameworks",
					"$(inherited)",
				);
				GCC_PREPROCESSOR_DEFINITIONS = (
					"DEBUG=1",
					"$(inherited)",
				);
				INFOPLIST_FILE = CircleCITestTests/Info.plist;
				LD_RUNPATH_SEARCH_PATHS = "$(inherited) @executable_path/Frameworks @loader_path/Frameworks";
				PRODUCT_NAME = "$(TARGET_NAME)";
				TEST_HOST = "$(BUILT_PRODUCTS_DIR)/CircleCITest.app/CircleCITest";
			};
			name = Debug;
		};
		C83CF6E81A724DAC00CE2801 /* Release */ = {
			isa = XCBuildConfiguration;
			baseConfigurationReference = ED6E90F38974BC17656F7165 /* Pods-CircleCITestTests.release.xcconfig */;
			buildSettings = {
				BUNDLE_LOADER = "$(TEST_HOST)";
				FRAMEWORK_SEARCH_PATHS = (
					"$(SDKROOT)/Developer/Library/Frameworks",
					"$(inherited)",
				);
				INFOPLIST_FILE = CircleCITestTests/Info.plist;
				LD_RUNPATH_SEARCH_PATHS = "$(inherited) @executable_path/Frameworks @loader_path/Frameworks";
				PRODUCT_NAME = "$(TARGET_NAME)";
				TEST_HOST = "$(BUILT_PRODUCTS_DIR)/CircleCITest.app/CircleCITest";
			};
			name = Release;
		};
/* End XCBuildConfiguration section */

/* Begin XCConfigurationList section */
		C83CF6BB1A724DAC00CE2801 /* Build configuration list for PBXProject "CircleCITest" */ = {
			isa = XCConfigurationList;
			buildConfigurations = (
				C83CF6E11A724DAC00CE2801 /* Debug */,
				C83CF6E21A724DAC00CE2801 /* Release */,
			);
			defaultConfigurationIsVisible = 0;
			defaultConfigurationName = Release;
		};
		C83CF6E31A724DAC00CE2801 /* Build configuration list for PBXNativeTarget "CircleCITest" */ = {
			isa = XCConfigurationList;
			buildConfigurations = (
				C83CF6E41A724DAC00CE2801 /* Debug */,
				C83CF6E51A724DAC00CE2801 /* Release */,
			);
			defaultConfigurationIsVisible = 0;
			defaultConfigurationName = Release;
		};
		C83CF6E61A724DAC00CE2801 /* Build configuration list for PBXNativeTarget "CircleCITestTests" */ = {
			isa = XCConfigurationList;
			buildConfigurations = (
				C83CF6E71A724DAC00CE2801 /* Debug */,
				C83CF6E81A724DAC00CE2801 /* Release */,
			);
			defaultConfigurationIsVisible = 0;
			defaultConfigurationName = Release;
		};
/* End XCConfigurationList section */
	};
	rootObject = C83CF6B81A724DAC00CE2801 /* Project object */;
}
